PODS:
  - ActiveLabel (1.1.0)
  - FloatingPanel (1.7.4)
  - JGProgressHUD (2.0.4)
  - KeychainAccess (3.2.1)
  - OpenSSL-Apple (1.1.1l.11)
  - ReachabilitySwift (5.0.0)
  - SnapKit (5.0.1)
  - SwiftyBeaver (1.9.5)
  - SwiftyStoreKit (0.15.0)
  - TunnelKit (3.5.0):
    - TunnelKit/Protocols/OpenVPN (= 3.5.0)
  - TunnelKit/AppExtension (3.5.0):
    - SwiftyBeaver
    - TunnelKit/Core
  - TunnelKit/Core (3.5.0):
    - SwiftyBeaver
  - TunnelKit/Manager (3.5.0):
    - SwiftyBeaver
    - TunnelKit/Core
  - TunnelKit/Protocols/OpenVPN (3.5.0):
    - OpenSSL-Apple (~> 1.1.1l.11)
    - TunnelKit/AppExtension
    - TunnelKit/Manager

DEPENDENCIES:
  - ActiveLabel (~> 1.1.0)
  - FloatingPanel (~> 1.7.2)
  - JGProgressHUD (~> 2.0.3)
  - KeychainAccess (~> 3.2.0)
  - ReachabilitySwift (~> 5.0.0)
  - SnapKit (~> 5.0.1)
  - SwiftyStoreKit (~> 0.15.0)
  - TunnelKit (~> 3.5.0)

SPEC REPOS:
  trunk:
    - ActiveLabel
    - FloatingPanel
    - JGProgressHUD
    - KeychainAccess
    - OpenSSL-Apple
    - ReachabilitySwift
    - SnapKit
    - SwiftyBeaver
    - SwiftyStoreKit
    - TunnelKit

SPEC CHECKSUMS:
  ActiveLabel: 5e3f4de79a1952d4604b845a0610d4776e4b82b3
  FloatingPanel: 3c9d0e30fe350e1613157557769d2ec97f76b96b
  JGProgressHUD: 62658b14e72cccf179efc7a13bcb54d30b92fc22
  KeychainAccess: d5470352939ced6d6f7fb51cb2e67aae51fc294f
  OpenSSL-Apple: fb93d9a7ce4529054764ce19bb80947a38aee09b
  ReachabilitySwift: 985039c6f7b23a1da463388634119492ff86c825
  SnapKit: 97b92857e3df3a0c71833cce143274bf6ef8e5eb
  SwiftyBeaver: 84069991dd5dca07d7069100985badaca7f0ce82
  SwiftyStoreKit: 033d06b6f87955405d3f844a18a7687c2438592a
  TunnelKit: da385bd81f797728f86fcf0f2de2e4c4af415c40

PODFILE CHECKSUM: 5a8a29ce6e1ad1d1bad672451b435632cbccb378

COCOAPODS: 1.11.2
