PODS:
  - ActiveLabel (1.1.0)
  - Bamboo (1.2.0)
  - JGProgressHUD (2.0.3)
  - KeychainAccess (3.2.0)
  - OpenSSL-Apple (1.1.1g.6)
  - ReachabilitySwift (5.0.0)
  - SDCAlertView (11.0)
  - Sentry (4.3.4):
    - Sentry/Core (= 4.3.4)
  - Sentry/Core (4.3.4)
  - SwiftyBeaver (1.9.1)
  - SwiftyStoreKit (0.15.0)
  - TunnelKit (2.2.7):
    - TunnelKit/Protocols/OpenVPN (= 2.2.7)
  - TunnelKit/AppExtension (2.2.7):
    - SwiftyBeaver
    - TunnelKit/Core
  - TunnelKit/Core (2.2.7):
    - SwiftyBeaver
  - TunnelKit/Protocols/OpenVPN (2.2.7):
    - OpenSSL-Apple (~> 1.1.1g.6)
    - TunnelKit/AppExtension
    - TunnelKit/Core

DEPENDENCIES:
  - ActiveLabel (~> 1.1.0)
  - Bamboo (~> 1.2.0)
  - JGProgressHUD (~> 2.0.3)
  - KeychainAccess (~> 3.2.0)
  - ReachabilitySwift (~> 5.0.0)
  - SDCAlertView (~> 11.0)
  - Sentry (from `https://github.com/getsentry/sentry-cocoa.git`, tag `4.3.4`)
  - SwiftyStoreKit (~> 0.15.0)
  - TunnelKit (~> 2.2.7)

SPEC REPOS:
  https://github.com/CocoaPods/Specs.git:
    - ActiveLabel
    - Bamboo
    - JGProgressHUD
    - KeychainAccess
    - SwiftyStoreKit
  trunk:
    - OpenSSL-Apple
    - ReachabilitySwift
    - SDCAlertView
    - SwiftyBeaver
    - TunnelKit

EXTERNAL SOURCES:
  Sentry:
    :git: https://github.com/getsentry/sentry-cocoa.git
    :tag: 4.3.4

CHECKOUT OPTIONS:
  Sentry:
    :git: https://github.com/getsentry/sentry-cocoa.git
    :tag: 4.3.4

SPEC CHECKSUMS:
  ActiveLabel: 5e3f4de79a1952d4604b845a0610d4776e4b82b3
  Bamboo: d8a9761dc8c1bfbace8eb82c6518626724f812b0
  JGProgressHUD: 12b20a8f4ffe05258f8635c1ab92816e451f904d
  KeychainAccess: 3b1bf8a77eb4c6ea1ce9404c292e48f948954c6b
  OpenSSL-Apple: c9c1b9c5b2b1fc4e1758fc5f0836b58ae7fd8183
  ReachabilitySwift: 985039c6f7b23a1da463388634119492ff86c825
  SDCAlertView: 89514fa266623b9da9815f2248997b6772c5057d
  Sentry: 26f0e6492b103e87434d1a5eea2d241a36f2c2a2
  SwiftyBeaver: a1f5691458561414bcfab51874b2b7445451602b
  SwiftyStoreKit: 033d06b6f87955405d3f844a18a7687c2438592a
  TunnelKit: cbd063b8b6f4f6a182cf48e646ff35cb2365bf91

PODFILE CHECKSUM: 37f96a6ed409081fce5fadf4d3dfd764c6001f15

COCOAPODS: 1.8.4
